
Microsoft Visual Studio Solution File, Format Version 12.00
# Visual Studio 15
VisualStudioVersion = 15.0.27004.2002
MinimumVisualStudioVersion = 10.0.40219.1
Project("{FAE04EC0-301F-11D3-BF4B-00C04F79EFBC}") = "Biblioteca", "Biblioteca\Biblioteca.csproj", "{CD9200C3-2C30-44B7-B098-9DBCC6FCDA30}"
EndProject
Global
	GlobalSection(SolutionConfigurationPlatforms) = preSolution
		Debug|Any CPU = Debug|Any CPU
		Release|Any CPU = Release|Any CPU
	EndGlobalSection
	GlobalSection(ProjectConfigurationPlatforms) = postSolution
		{CD9200C3-2C30-44B7-B098-9DBCC6FCDA30}.Debug|Any CPU.ActiveCfg = Debug|Any CPU
		{CD9200C3-2C30-44B7-B098-9DBCC6FCDA30}.Debug|Any CPU.Build.0 = Debug|Any CPU
		{CD9200C3-2C30-44B7-B098-9DBCC6FCDA30}.Release|Any CPU.ActiveCfg = Release|Any CPU
		{CD9200C3-2C30-44B7-B098-9DBCC6FCDA30}.Release|Any CPU.Build.0 = Release|Any CPU
	EndGlobalSection
	GlobalSection(SolutionProperties) = preSolution
		HideSolutionNode = FALSE
	EndGlobalSection
	GlobalSection(ExtensibilityGlobals) = postSolution
		SolutionGuid = {72CD63DB-3A4F-4092-B9DB-E32A3E23673C}
	EndGlobalSection
EndGlobal
